
Microsoft Visual Studio Solution File, Format Version 12.00
# Visual Studio 15
VisualStudioVersion = 15.0.28307.539
MinimumVisualStudioVersion = 10.0.40219.1
Project("{FAE04EC0-301F-11D3-BF4B-00C04F79EFBC}") = "Triunghi", "Triunghi\Triunghi.csproj", "{53C24A21-874A-4E93-B508-E5EBEC032FBD}"
EndProject
Global
	GlobalSection(SolutionConfigurationPlatforms) = preSolution
		Debug|Any CPU = Debug|Any CPU
		Release|Any CPU = Release|Any CPU
	EndGlobalSection
	GlobalSection(ProjectConfigurationPlatforms) = postSolution
		{53C24A21-874A-4E93-B508-E5EBEC032FBD}.Debug|Any CPU.ActiveCfg = Debug|Any CPU
		{53C24A21-874A-4E93-B508-E5EBEC032FBD}.Debug|Any CPU.Build.0 = Debug|Any CPU
		{53C24A21-874A-4E93-B508-E5EBEC032FBD}.Release|Any CPU.ActiveCfg = Release|Any CPU
		{53C24A21-874A-4E93-B508-E5EBEC032FBD}.Release|Any CPU.Build.0 = Release|Any CPU
	EndGlobalSection
	GlobalSection(SolutionProperties) = preSolution
		HideSolutionNode = FALSE
	EndGlobalSection
	GlobalSection(ExtensibilityGlobals) = postSolution
		SolutionGuid = {8D3673A8-E16E-491B-86CD-E819F9725272}
	EndGlobalSection
EndGlobal
